
Microsoft Visual Studio Solution File, Format Version 12.00
# Visual Studio Version 16
VisualStudioVersion = 16.0.33423.256
MinimumVisualStudioVersion = 10.0.40219.1
Project("{F184B08F-C81C-45F6-A57F-5ABD9991F28F}") = "EDDAH", "EDDAH\EDDAH.vbproj", "{7F17FF7E-D49A-4814-A18C-BAA9B115EC98}"
EndProject
Global
	GlobalSection(SolutionConfigurationPlatforms) = preSolution
		Debug|Any CPU = Debug|Any CPU
		Release|Any CPU = Release|Any CPU
	EndGlobalSection
	GlobalSection(ProjectConfigurationPlatforms) = postSolution
		{7F17FF7E-D49A-4814-A18C-BAA9B115EC98}.Debug|Any CPU.ActiveCfg = Debug|Any CPU
		{7F17FF7E-D49A-4814-A18C-BAA9B115EC98}.Debug|Any CPU.Build.0 = Debug|Any CPU
		{7F17FF7E-D49A-4814-A18C-BAA9B115EC98}.Release|Any CPU.ActiveCfg = Release|Any CPU
		{7F17FF7E-D49A-4814-A18C-BAA9B115EC98}.Release|Any CPU.Build.0 = Release|Any CPU
	EndGlobalSection
	GlobalSection(SolutionProperties) = preSolution
		HideSolutionNode = FALSE
	EndGlobalSection
	GlobalSection(ExtensibilityGlobals) = postSolution
		SolutionGuid = {0E9FEA4F-5143-49ED-B8A5-062D06FDF56B}
	EndGlobalSection
EndGlobal
